
Microsoft Visual Studio Solution File, Format Version 12.00
# Visual Studio Version 17
VisualStudioVersion = 17.5.33530.505
MinimumVisualStudioVersion = 10.0.40219.1
Project("{9A19103F-16F7-4668-BE54-9A1E7A4F7556}") = "BooksCollection.Api", "BooksCollection.Api\BooksCollection.Api.csproj", "{E04018A1-13F2-4930-82C8-66BC04692E75}"
EndProject
Global
	GlobalSection(SolutionConfigurationPlatforms) = preSolution
		Debug|Any CPU = Debug|Any CPU
		Release|Any CPU = Release|Any CPU
	EndGlobalSection
	GlobalSection(ProjectConfigurationPlatforms) = postSolution
		{E04018A1-13F2-4930-82C8-66BC04692E75}.Debug|Any CPU.ActiveCfg = Debug|Any CPU
		{E04018A1-13F2-4930-82C8-66BC04692E75}.Debug|Any CPU.Build.0 = Debug|Any CPU
		{E04018A1-13F2-4930-82C8-66BC04692E75}.Release|Any CPU.ActiveCfg = Release|Any CPU
		{E04018A1-13F2-4930-82C8-66BC04692E75}.Release|Any CPU.Build.0 = Release|Any CPU
	EndGlobalSection
	GlobalSection(SolutionProperties) = preSolution
		HideSolutionNode = FALSE
	EndGlobalSection
	GlobalSection(ExtensibilityGlobals) = postSolution
		SolutionGuid = {DF841CEC-86A0-473E-A8D0-7713F4165C6B}
	EndGlobalSection
EndGlobal
